// !$*UTF8*$!
{
	archiveVersion = 1;
	classes = {
	};
	objectVersion = 46;
	objects = {

/* Begin PBXBuildFile section */
		CCD3926819DDD9C5009422EB /* main.m in Sources */ = {isa = PBXBuildFile; fileRef = CCD3926719DDD9C5009422EB /* main.m */; };
		CCD3926B19DDD9C5009422EB /* AppDelegate.m in Sources */ = {isa = PBXBuildFile; fileRef = CCD3926A19DDD9C5009422EB /* AppDelegate.m */; };
		CCD3926E19DDD9C5009422EB /* ViewController.m in Sources */ = {isa = PBXBuildFile; fileRef = CCD3926D19DDD9C5009422EB /* ViewController.m */; };
		CCD3927119DDD9C5009422EB /* Main.storyboard in Resources */ = {isa = PBXBuildFile; fileRef = CCD3926F19DDD9C5009422EB /* Main.storyboard */; };
		CCD3927319DDD9C5009422EB /* Images.xcassets in Resources */ = {isa = PBXBuildFile; fileRef = CCD3927219DDD9C5009422EB /* Images.xcassets */; };
		CCD3927619DDD9C5009422EB /* LaunchScreen.xib in Resources */ = {isa = PBXBuildFile; fileRef = CCD3927419DDD9C5009422EB /* LaunchScreen.xib */; };
		CCD3928219DDD9C5009422EB /* code_challenge_1Tests.m in Sources */ = {isa = PBXBuildFile; fileRef = CCD3928119DDD9C5009422EB /* code_challenge_1Tests.m */; };
/* End PBXBuildFile section */

/* Begin PBXContainerItemProxy section */
		CCD3927C19DDD9C5009422EB /* PBXContainerItemProxy */ = {
			isa = PBXContainerItemProxy;
			containerPortal = CCD3925A19DDD9C5009422EB /* Project object */;
			proxyType = 1;
			remoteGlobalIDString = CCD3926119DDD9C5009422EB;
			remoteInfo = code_challenge_1;
		};
/* End PBXContainerItemProxy section */

/* Begin PBXFileReference section */
		CCD3926219DDD9C5009422EB /* code_challenge_1.app */ = {isa = PBXFileReference; explicitFileType = wrapper.application; includeInIndex = 0; path = code_challenge_1.app; sourceTree = BUILT_PRODUCTS_DIR; };
		CCD3926619DDD9C5009422EB /* Info.plist */ = {isa = PBXFileReference; lastKnownFileType = text.plist.xml; path = Info.plist; sourceTree = "<group>"; };
		CCD3926719DDD9C5009422EB /* main.m */ = {isa = PBXFileReference; lastKnownFileType = sourcecode.c.objc; path = main.m; sourceTree = "<group>"; };
		CCD3926919DDD9C5009422EB /* AppDelegate.h */ = {isa = PBXFileReference; lastKnownFileType = sourcecode.c.h; path = AppDelegate.h; sourceTree = "<group>"; };
		CCD3926A19DDD9C5009422EB /* AppDelegate.m */ = {isa = PBXFileReference; lastKnownFileType = sourcecode.c.objc; path = AppDelegate.m; sourceTree = "<group>"; };
		CCD3926C19DDD9C5009422EB /* ViewController.h */ = {isa = PBXFileReference; lastKnownFileType = sourcecode.c.h; path = ViewController.h; sourceTree = "<group>"; };
		CCD3926D19DDD9C5009422EB /* ViewController.m */ = {isa = PBXFileReference; lastKnownFileType = sourcecode.c.objc; path = ViewController.m; sourceTree = "<group>"; };
		CCD3927019DDD9C5009422EB /* Base */ = {isa = PBXFileReference; lastKnownFileType = file.storyboard; name = Base; path = Base.lproj/Main.storyboard; sourceTree = "<group>"; };
		CCD3927219DDD9C5009422EB /* Images.xcassets */ = {isa = PBXFileReference; lastKnownFileType = folder.assetcatalog; path = Images.xcassets; sourceTree = "<group>"; };
		CCD3927519DDD9C5009422EB /* Base */ = {isa = PBXFileReference; lastKnownFileType = file.xib; name = Base; path = Base.lproj/LaunchScreen.xib; sourceTree = "<group>"; };
		CCD3927B19DDD9C5009422EB /* code_challenge_1Tests.xctest */ = {isa = PBXFileReference; explicitFileType = wrapper.cfbundle; includeInIndex = 0; path = code_challenge_1Tests.xctest; sourceTree = BUILT_PRODUCTS_DIR; };
		CCD3928019DDD9C5009422EB /* Info.plist */ = {isa = PBXFileReference; lastKnownFileType = text.plist.xml; path = Info.plist; sourceTree = "<group>"; };
		CCD3928119DDD9C5009422EB /* code_challenge_1Tests.m */ = {isa = PBXFileReference; lastKnownFileType = sourcecode.c.objc; path = code_challenge_1Tests.m; sourceTree = "<group>"; };
/* End PBXFileReference section */

/* Begin PBXFrameworksBuildPhase section */
		CCD3925F19DDD9C5009422EB /* Frameworks */ = {
			isa = PBXFrameworksBuildPhase;
			buildActionMask = 2147483647;
			files = (
			);
			runOnlyForDeploymentPostprocessing = 0;
		};
		CCD3927819DDD9C5009422EB /* Frameworks */ = {
			isa = PBXFrameworksBuildPhase;
			buildActionMask = 2147483647;
			files = (
			);
			runOnlyForDeploymentPostprocessing = 0;
		};
/* End PBXFrameworksBuildPhase section */

/* Begin PBXGroup section */
		CCD3925919DDD9C5009422EB = {
			isa = PBXGroup;
			children = (
				CCD3926419DDD9C5009422EB /* code_challenge_1 */,
				CCD3927E19DDD9C5009422EB /* code_challenge_1Tests */,
				CCD3926319DDD9C5009422EB /* Products */,
			);
			sourceTree = "<group>";
		};
		CCD3926319DDD9C5009422EB /* Products */ = {
			isa = PBXGroup;
			children = (
				CCD3926219DDD9C5009422EB /* code_challenge_1.app */,
				CCD3927B19DDD9C5009422EB /* code_challenge_1Tests.xctest */,
			);
			name = Products;
			sourceTree = "<group>";
		};
		CCD3926419DDD9C5009422EB /* code_challenge_1 */ = {
			isa = PBXGroup;
			children = (
				CCD3926919DDD9C5009422EB /* AppDelegate.h */,
				CCD3926A19DDD9C5009422EB /* AppDelegate.m */,
				CCD3926C19DDD9C5009422EB /* ViewController.h */,
				CCD3926D19DDD9C5009422EB /* ViewController.m */,
				CCD3926F19DDD9C5009422EB /* Main.storyboard */,
				CCD3927219DDD9C5009422EB /* Images.xcassets */,
				CCD3927419DDD9C5009422EB /* LaunchScreen.xib */,
				CCD3926519DDD9C5009422EB /* Supporting Files */,
			);
			path = code_challenge_1;
			sourceTree = "<group>";
		};
		CCD3926519DDD9C5009422EB /* Supporting Files */ = {
			isa = PBXGroup;
			children = (
				CCD3926619DDD9C5009422EB /* Info.plist */,
				CCD3926719DDD9C5009422EB /* main.m */,
			);
			name = "Supporting Files";
			sourceTree = "<group>";
		};
		CCD3927E19DDD9C5009422EB /* code_challenge_1Tests */ = {
			isa = PBXGroup;
			children = (
				CCD3928119DDD9C5009422EB /* code_challenge_1Tests.m */,
				CCD3927F19DDD9C5009422EB /* Supporting Files */,
			);
			path = code_challenge_1Tests;
			sourceTree = "<group>";
		};
		CCD3927F19DDD9C5009422EB /* Supporting Files */ = {
			isa = PBXGroup;
			children = (
				CCD3928019DDD9C5009422EB /* Info.plist */,
			);
			name = "Supporting Files";
			sourceTree = "<group>";
		};
/* End PBXGroup section */

/* Begin PBXNativeTarget section */
		CCD3926119DDD9C5009422EB /* code_challenge_1 */ = {
			isa = PBXNativeTarget;
			buildConfigurationList = CCD3928519DDD9C5009422EB /* Build configuration list for PBXNativeTarget "code_challenge_1" */;
			buildPhases = (
				CCD3925E19DDD9C5009422EB /* Sources */,
				CCD3925F19DDD9C5009422EB /* Frameworks */,
				CCD3926019DDD9C5009422EB /* Resources */,
			);
			buildRules = (
			);
			dependencies = (
			);
			name = code_challenge_1;
			productName = code_challenge_1;
			productReference = CCD3926219DDD9C5009422EB /* code_challenge_1.app */;
			productType = "com.apple.product-type.application";
		};
		CCD3927A19DDD9C5009422EB /* code_challenge_1Tests */ = {
			isa = PBXNativeTarget;
			buildConfigurationList = CCD3928819DDD9C5009422EB /* Build configuration list for PBXNativeTarget "code_challenge_1Tests" */;
			buildPhases = (
				CCD3927719DDD9C5009422EB /* Sources */,
				CCD3927819DDD9C5009422EB /* Frameworks */,
				CCD3927919DDD9C5009422EB /* Resources */,
			);
			buildRules = (
			);
			dependencies = (
				CCD3927D19DDD9C5009422EB /* PBXTargetDependency */,
			);
			name = code_challenge_1Tests;
			productName = code_challenge_1Tests;
			productReference = CCD3927B19DDD9C5009422EB /* code_challenge_1Tests.xctest */;
			productType = "com.apple.product-type.bundle.unit-test";
		};
/* End PBXNativeTarget section */

/* Begin PBXProject section */
		CCD3925A19DDD9C5009422EB /* Project object */ = {
			isa = PBXProject;
			attributes = {
				LastUpgradeCheck = 0600;
				ORGANIZATIONNAME = "MIKE LAND";
				TargetAttributes = {
					CCD3926119DDD9C5009422EB = {
						CreatedOnToolsVersion = 6.0.1;
					};
					CCD3927A19DDD9C5009422EB = {
						CreatedOnToolsVersion = 6.0.1;
						TestTargetID = CCD3926119DDD9C5009422EB;
					};
				};
			};
			buildConfigurationList = CCD3925D19DDD9C5009422EB /* Build configuration list for PBXProject "code_challenge_1" */;
			compatibilityVersion = "Xcode 3.2";
			developmentRegion = English;
			hasScannedForEncodings = 0;
			knownRegions = (
				en,
				Base,
			);
			mainGroup = CCD3925919DDD9C5009422EB;
			productRefGroup = CCD3926319DDD9C5009422EB /* Products */;
			projectDirPath = "";
			projectRoot = "";
			targets = (
				CCD3926119DDD9C5009422EB /* code_challenge_1 */,
				CCD3927A19DDD9C5009422EB /* code_challenge_1Tests */,
			);
		};
/* End PBXProject section */

/* Begin PBXResourcesBuildPhase section */
		CCD3926019DDD9C5009422EB /* Resources */ = {
			isa = PBXResourcesBuildPhase;
			buildActionMask = 2147483647;
			files = (
				CCD3927119DDD9C5009422EB /* Main.storyboard in Resources */,
				CCD3927619DDD9C5009422EB /* LaunchScreen.xib in Resources */,
				CCD3927319DDD9C5009422EB /* Images.xcassets in Resources */,
			);
			runOnlyForDeploymentPostprocessing = 0;
		};
		CCD3927919DDD9C5009422EB /* Resources */ = {
			isa = PBXResourcesBuildPhase;
			buildActionMask = 2147483647;
			files = (
			);
			runOnlyForDeploymentPostprocessing = 0;
		};
/* End PBXResourcesBuildPhase section */

/* Begin PBXSourcesBuildPhase section */
		CCD3925E19DDD9C5009422EB /* Sources */ = {
			isa = PBXSourcesBuildPhase;
			buildActionMask = 2147483647;
			files = (
				CCD3926E19DDD9C5009422EB /* ViewController.m in Sources */,
				CCD3926B19DDD9C5009422EB /* AppDelegate.m in Sources */,
				CCD3926819DDD9C5009422EB /* main.m in Sources */,
			);
			runOnlyForDeploymentPostprocessing = 0;
		};
		CCD3927719DDD9C5009422EB /* Sources */ = {
			isa = PBXSourcesBuildPhase;
			buildActionMask = 2147483647;
			files = (
				CCD3928219DDD9C5009422EB /* code_challenge_1Tests.m in Sources */,
			);
			runOnlyForDeploymentPostprocessing = 0;
		};
/* End PBXSourcesBuildPhase section */

/* Begin PBXTargetDependency section */
		CCD3927D19DDD9C5009422EB /* PBXTargetDependency */ = {
			isa = PBXTargetDependency;
			target = CCD3926119DDD9C5009422EB /* code_challenge_1 */;
			targetProxy = CCD3927C19DDD9C5009422EB /* PBXContainerItemProxy */;
		};
/* End PBXTargetDependency section */

/* Begin PBXVariantGroup section */
		CCD3926F19DDD9C5009422EB /* Main.storyboard */ = {
			isa = PBXVariantGroup;
			children = (
				CCD3927019DDD9C5009422EB /* Base */,
			);
			name = Main.storyboard;
			sourceTree = "<group>";
		};
		CCD3927419DDD9C5009422EB /* LaunchScreen.xib */ = {
			isa = PBXVariantGroup;
			children = (
				CCD3927519DDD9C5009422EB /* Base */,
			);
			name = LaunchScreen.xib;
			sourceTree = "<group>";
		};
/* End PBXVariantGroup section */

/* Begin XCBuildConfiguration section */
		CCD3928319DDD9C5009422EB /* Debug */ = {
			isa = XCBuildConfiguration;
			buildSettings = {
				ALWAYS_SEARCH_USER_PATHS = NO;
				CLANG_CXX_LANGUAGE_STANDARD = "gnu++0x";
				CLANG_CXX_LIBRARY = "libc++";
				CLANG_ENABLE_MODULES = YES;
				CLANG_ENABLE_OBJC_ARC = YES;
				CLANG_WARN_BOOL_CONVERSION = YES;
				CLANG_WARN_CONSTANT_CONVERSION = YES;
				CLANG_WARN_DIRECT_OBJC_ISA_USAGE = YES_ERROR;
				CLANG_WARN_EMPTY_BODY = YES;
				CLANG_WARN_ENUM_CONVERSION = YES;
				CLANG_WARN_INT_CONVERSION = YES;
				CLANG_WARN_OBJC_ROOT_CLASS = YES_ERROR;
				CLANG_WARN_UNREACHABLE_CODE = YES;
				CLANG_WARN__DUPLICATE_METHOD_MATCH = YES;
				"CODE_SIGN_IDENTITY[sdk=iphoneos*]" = "iPhone Developer";
				COPY_PHASE_STRIP = NO;
				ENABLE_STRICT_OBJC_MSGSEND = YES;
				GCC_C_LANGUAGE_STANDARD = gnu99;
				GCC_DYNAMIC_NO_PIC = NO;
				GCC_OPTIMIZATION_LEVEL = 0;
				GCC_PREPROCESSOR_DEFINITIONS = (
					"DEBUG=1",
					"$(inherited)",
				);
				GCC_SYMBOLS_PRIVATE_EXTERN = NO;
				GCC_WARN_64_TO_32_BIT_CONVERSION = YES;
				GCC_WARN_ABOUT_RETURN_TYPE = YES_ERROR;
				GCC_WARN_UNDECLARED_SELECTOR = YES;
				GCC_WARN_UNINITIALIZED_AUTOS = YES_AGGRESSIVE;
				GCC_WARN_UNUSED_FUNCTION = YES;
				GCC_WARN_UNUSED_VARIABLE = YES;
				IPHONEOS_DEPLOYMENT_TARGET = 8.0;
				MTL_ENABLE_DEBUG_INFO = YES;
				ONLY_ACTIVE_ARCH = YES;
				SDKROOT = iphoneos;
			};
			name = Debug;
		};
		CCD3928419DDD9C5009422EB /* Release */ = {
			isa = XCBuildConfiguration;
			buildSettings = {
				ALWAYS_SEARCH_USER_PATHS = NO;
				CLANG_CXX_LANGUAGE_STANDARD = "gnu++0x";
				CLANG_CXX_LIBRARY = "libc++";
				CLANG_ENABLE_MODULES = YES;
				CLANG_ENABLE_OBJC_ARC = YES;
				CLANG_WARN_BOOL_CONVERSION = YES;
				CLANG_WARN_CONSTANT_CONVERSION = YES;
				CLANG_WARN_DIRECT_OBJC_ISA_USAGE = YES_ERROR;
				CLANG_WARN_EMPTY_BODY = YES;
				CLANG_WARN_ENUM_CONVERSION = YES;
				CLANG_WARN_INT_CONVERSION = YES;
				CLANG_WARN_OBJC_ROOT_CLASS = YES_ERROR;
				CLANG_WARN_UNREACHABLE_CODE = YES;
				CLANG_WARN__DUPLICATE_METHOD_MATCH = YES;
				"CODE_SIGN_IDENTITY[sdk=iphoneos*]" = "iPhone Developer";
				COPY_PHASE_STRIP = YES;
				ENABLE_NS_ASSERTIONS = NO;
				ENABLE_STRICT_OBJC_MSGSEND = YES;
				GCC_C_LANGUAGE_STANDARD = gnu99;
				GCC_WARN_64_TO_32_BIT_CONVERSION = YES;
				GCC_WARN_ABOUT_RETURN_TYPE = YES_ERROR;
				GCC_WARN_UNDECLARED_SELECTOR = YES;
				GCC_WARN_UNINITIALIZED_AUTOS = YES_AGGRESSIVE;
				GCC_WARN_UNUSED_FUNCTION = YES;
				GCC_WARN_UNUSED_VARIABLE = YES;
				IPHONEOS_DEPLOYMENT_TARGET = 8.0;
				MTL_ENABLE_DEBUG_INFO = NO;
				SDKROOT = iphoneos;
				VALIDATE_PRODUCT = YES;
			};
			name = Release;
		};
		CCD3928619DDD9C5009422EB /* Debug */ = {
			isa = XCBuildConfiguration;
			buildSettings = {
				ASSETCATALOG_COMPILER_APPICON_NAME = AppIcon;
				INFOPLIST_FILE = code_challenge_1/Info.plist;
				LD_RUNPATH_SEARCH_PATHS = "$(inherited) @executable_path/Frameworks";
				PRODUCT_NAME = "$(TARGET_NAME)";
			};
			name = Debug;
		};
		CCD3928719DDD9C5009422EB /* Release */ = {
			isa = XCBuildConfiguration;
			buildSettings = {
				ASSETCATALOG_COMPILER_APPICON_NAME = AppIcon;
				INFOPLIST_FILE = code_challenge_1/Info.plist;
				LD_RUNPATH_SEARCH_PATHS = "$(inherited) @executable_path/Frameworks";
				PRODUCT_NAME = "$(TARGET_NAME)";
			};
			name = Release;
		};
		CCD3928919DDD9C5009422EB /* Debug */ = {
			isa = XCBuildConfiguration;
			buildSettings = {
				BUNDLE_LOADER = "$(TEST_HOST)";
				FRAMEWORK_SEARCH_PATHS = (
					"$(SDKROOT)/Developer/Library/Frameworks",
					"$(inherited)",
				);
				GCC_PREPROCESSOR_DEFINITIONS = (
					"DEBUG=1",
					"$(inherited)",
				);
				INFOPLIST_FILE = code_challenge_1Tests/Info.plist;
				LD_RUNPATH_SEARCH_PATHS = "$(inherited) @executable_path/Frameworks @loader_path/Frameworks";
				PRODUCT_NAME = "$(TARGET_NAME)";
				TEST_HOST = "$(BUILT_PRODUCTS_DIR)/code_challenge_1.app/code_challenge_1";
			};
			name = Debug;
		};
		CCD3928A19DDD9C5009422EB /* Release */ = {
			isa = XCBuildConfiguration;
			buildSettings = {
				BUNDLE_LOADER = "$(TEST_HOST)";
				FRAMEWORK_SEARCH_PATHS = (
					"$(SDKROOT)/Developer/Library/Frameworks",
					"$(inherited)",
				);
				INFOPLIST_FILE = code_challenge_1Tests/Info.plist;
				LD_RUNPATH_SEARCH_PATHS = "$(inherited) @executable_path/Frameworks @loader_path/Frameworks";
				PRODUCT_NAME = "$(TARGET_NAME)";
				TEST_HOST = "$(BUILT_PRODUCTS_DIR)/code_challenge_1.app/code_challenge_1";
			};
			name = Release;
		};
/* End XCBuildConfiguration section */

/* Begin XCConfigurationList section */
		CCD3925D19DDD9C5009422EB /* Build configuration list for PBXProject "code_challenge_1" */ = {
			isa = XCConfigurationList;
			buildConfigurations = (
				CCD3928319DDD9C5009422EB /* Debug */,
				CCD3928419DDD9C5009422EB /* Release */,
			);
			defaultConfigurationIsVisible = 0;
			defaultConfigurationName = Release;
		};
		CCD3928519DDD9C5009422EB /* Build configuration list for PBXNativeTarget "code_challenge_1" */ = {
			isa = XCConfigurationList;
			buildConfigurations = (
				CCD3928619DDD9C5009422EB /* Debug */,
				CCD3928719DDD9C5009422EB /* Release */,
			);
			defaultConfigurationIsVisible = 0;
		};
		CCD3928819DDD9C5009422EB /* Build configuration list for PBXNativeTarget "code_challenge_1Tests" */ = {
			isa = XCConfigurationList;
			buildConfigurations = (
				CCD3928919DDD9C5009422EB /* Debug */,
				CCD3928A19DDD9C5009422EB /* Release */,
			);
			defaultConfigurationIsVisible = 0;
		};
/* End XCConfigurationList section */
	};
	rootObject = CCD3925A19DDD9C5009422EB /* Project object */;
}
